
Microsoft Visual Studio Solution File, Format Version 12.00
# Visual Studio 15
VisualStudioVersion = 15.0.28307.168
MinimumVisualStudioVersion = 10.0.40219.1
Project("{FAE04EC0-301F-11D3-BF4B-00C04F79EFBC}") = "ConsoleApp", "ConsoleApp\ConsoleApp.csproj", "{D296B760-C3D3-47DA-9B68-70B262FB4AA6}"
EndProject
Project("{FAE04EC0-301F-11D3-BF4B-00C04F79EFBC}") = "PS.Model", "PS.Model\PS.Model.csproj", "{F45EDD5A-833E-45E6-8857-9149562AA66C}"
EndProject
Project("{FAE04EC0-301F-11D3-BF4B-00C04F79EFBC}") = "PS.Manager", "PS.Manager\PS.Manager.csproj", "{C9B24A55-513F-4592-ACFB-71DC53A19B62}"
EndProject
Project("{FAE04EC0-301F-11D3-BF4B-00C04F79EFBC}") = "PS.Test", "PS.Test\PS.Test.csproj", "{BC7D20BA-E989-4151-97D2-EA8D16AA8A8B}"
EndProject
Project("{FAE04EC0-301F-11D3-BF4B-00C04F79EFBC}") = "PS.Utility", "PS.Utility\PS.Utility.csproj", "{9ECEA8C1-3DC0-4D71-A01A-7AE6333ED1C3}"
EndProject
Project("{FAE04EC0-301F-11D3-BF4B-00C04F79EFBC}") = "PS.Domain", "PS.Domain\PS.Domain.csproj", "{C08FF063-012E-465D-A114-5F96E5A783A4}"
EndProject
Global
	GlobalSection(SolutionConfigurationPlatforms) = preSolution
		Debug|Any CPU = Debug|Any CPU
		Release|Any CPU = Release|Any CPU
	EndGlobalSection
	GlobalSection(ProjectConfigurationPlatforms) = postSolution
		{D296B760-C3D3-47DA-9B68-70B262FB4AA6}.Debug|Any CPU.ActiveCfg = Debug|Any CPU
		{D296B760-C3D3-47DA-9B68-70B262FB4AA6}.Debug|Any CPU.Build.0 = Debug|Any CPU
		{D296B760-C3D3-47DA-9B68-70B262FB4AA6}.Release|Any CPU.ActiveCfg = Release|Any CPU
		{D296B760-C3D3-47DA-9B68-70B262FB4AA6}.Release|Any CPU.Build.0 = Release|Any CPU
		{F45EDD5A-833E-45E6-8857-9149562AA66C}.Debug|Any CPU.ActiveCfg = Debug|Any CPU
		{F45EDD5A-833E-45E6-8857-9149562AA66C}.Debug|Any CPU.Build.0 = Debug|Any CPU
		{F45EDD5A-833E-45E6-8857-9149562AA66C}.Release|Any CPU.ActiveCfg = Release|Any CPU
		{F45EDD5A-833E-45E6-8857-9149562AA66C}.Release|Any CPU.Build.0 = Release|Any CPU
		{C9B24A55-513F-4592-ACFB-71DC53A19B62}.Debug|Any CPU.ActiveCfg = Debug|Any CPU
		{C9B24A55-513F-4592-ACFB-71DC53A19B62}.Debug|Any CPU.Build.0 = Debug|Any CPU
		{C9B24A55-513F-4592-ACFB-71DC53A19B62}.Release|Any CPU.ActiveCfg = Release|Any CPU
		{C9B24A55-513F-4592-ACFB-71DC53A19B62}.Release|Any CPU.Build.0 = Release|Any CPU
		{BC7D20BA-E989-4151-97D2-EA8D16AA8A8B}.Debug|Any CPU.ActiveCfg = Debug|Any CPU
		{BC7D20BA-E989-4151-97D2-EA8D16AA8A8B}.Debug|Any CPU.Build.0 = Debug|Any CPU
		{BC7D20BA-E989-4151-97D2-EA8D16AA8A8B}.Release|Any CPU.ActiveCfg = Release|Any CPU
		{BC7D20BA-E989-4151-97D2-EA8D16AA8A8B}.Release|Any CPU.Build.0 = Release|Any CPU
		{9ECEA8C1-3DC0-4D71-A01A-7AE6333ED1C3}.Debug|Any CPU.ActiveCfg = Debug|Any CPU
		{9ECEA8C1-3DC0-4D71-A01A-7AE6333ED1C3}.Debug|Any CPU.Build.0 = Debug|Any CPU
		{9ECEA8C1-3DC0-4D71-A01A-7AE6333ED1C3}.Release|Any CPU.ActiveCfg = Release|Any CPU
		{9ECEA8C1-3DC0-4D71-A01A-7AE6333ED1C3}.Release|Any CPU.Build.0 = Release|Any CPU
		{C08FF063-012E-465D-A114-5F96E5A783A4}.Debug|Any CPU.ActiveCfg = Debug|Any CPU
		{C08FF063-012E-465D-A114-5F96E5A783A4}.Debug|Any CPU.Build.0 = Debug|Any CPU
		{C08FF063-012E-465D-A114-5F96E5A783A4}.Release|Any CPU.ActiveCfg = Release|Any CPU
		{C08FF063-012E-465D-A114-5F96E5A783A4}.Release|Any CPU.Build.0 = Release|Any CPU
	EndGlobalSection
	GlobalSection(SolutionProperties) = preSolution
		HideSolutionNode = FALSE
	EndGlobalSection
	GlobalSection(ExtensibilityGlobals) = postSolution
		SolutionGuid = {B8C1D19C-2086-473B-AD99-311802C8FA92}
	EndGlobalSection
EndGlobal
